
Microsoft Visual Studio Solution File, Format Version 12.00
# Visual Studio Version 17
VisualStudioVersion = 17.3.32929.385
MinimumVisualStudioVersion = 10.0.40219.1
Project("{9A19103F-16F7-4668-BE54-9A1E7A4F7556}") = "SuperBowlGUI", "SuperBowlGUI.csproj", "{1C643048-3D2F-44B7-8F0C-CA242CAF97BE}"
EndProject
Global
	GlobalSection(SolutionConfigurationPlatforms) = preSolution
		Debug|Any CPU = Debug|Any CPU
		Release|Any CPU = Release|Any CPU
	EndGlobalSection
	GlobalSection(ProjectConfigurationPlatforms) = postSolution
		{1C643048-3D2F-44B7-8F0C-CA242CAF97BE}.Debug|Any CPU.ActiveCfg = Debug|Any CPU
		{1C643048-3D2F-44B7-8F0C-CA242CAF97BE}.Debug|Any CPU.Build.0 = Debug|Any CPU
		{1C643048-3D2F-44B7-8F0C-CA242CAF97BE}.Release|Any CPU.ActiveCfg = Release|Any CPU
		{1C643048-3D2F-44B7-8F0C-CA242CAF97BE}.Release|Any CPU.Build.0 = Release|Any CPU
	EndGlobalSection
	GlobalSection(SolutionProperties) = preSolution
		HideSolutionNode = FALSE
	EndGlobalSection
	GlobalSection(ExtensibilityGlobals) = postSolution
		SolutionGuid = {2C1CAE2F-D262-4201-9721-324ED2774F72}
	EndGlobalSection
EndGlobal
